
Microsoft Visual Studio Solution File, Format Version 12.00
# Visual Studio Version 17
VisualStudioVersion = 17.14.36105.17
MinimumVisualStudioVersion = 10.0.40219.1
Project("{FAE04EC0-301F-11D3-BF4B-00C04F79EFBC}") = "capaDatos", "capaDatos\capaDatos.csproj", "{468A3B52-021C-41B6-B0BC-476460D20B18}"
EndProject
Project("{FAE04EC0-301F-11D3-BF4B-00C04F79EFBC}") = "capaLogica", "capaLogica\capaLogica.csproj", "{A9756B74-A385-45E1-B59E-9F25CB564C70}"
EndProject
Project("{FAE04EC0-301F-11D3-BF4B-00C04F79EFBC}") = "capaEntidades", "capaEntidades\capaEntidades.csproj", "{E3932F36-C901-4786-AD52-F17E471E6B4D}"
EndProject
Project("{FAE04EC0-301F-11D3-BF4B-00C04F79EFBC}") = "capaPresentacion", "capaPresentacion\capaPresentacion.csproj", "{B61AB8B4-E534-4AFB-B1E1-C69A4F96F19C}"
EndProject
Global
	GlobalSection(SolutionConfigurationPlatforms) = preSolution
		Debug|Any CPU = Debug|Any CPU
		Release|Any CPU = Release|Any CPU
	EndGlobalSection
	GlobalSection(ProjectConfigurationPlatforms) = postSolution
		{468A3B52-021C-41B6-B0BC-476460D20B18}.Debug|Any CPU.ActiveCfg = Debug|Any CPU
		{468A3B52-021C-41B6-B0BC-476460D20B18}.Debug|Any CPU.Build.0 = Debug|Any CPU
		{468A3B52-021C-41B6-B0BC-476460D20B18}.Release|Any CPU.ActiveCfg = Release|Any CPU
		{468A3B52-021C-41B6-B0BC-476460D20B18}.Release|Any CPU.Build.0 = Release|Any CPU
		{A9756B74-A385-45E1-B59E-9F25CB564C70}.Debug|Any CPU.ActiveCfg = Debug|Any CPU
		{A9756B74-A385-45E1-B59E-9F25CB564C70}.Debug|Any CPU.Build.0 = Debug|Any CPU
		{A9756B74-A385-45E1-B59E-9F25CB564C70}.Release|Any CPU.ActiveCfg = Release|Any CPU
		{A9756B74-A385-45E1-B59E-9F25CB564C70}.Release|Any CPU.Build.0 = Release|Any CPU
		{E3932F36-C901-4786-AD52-F17E471E6B4D}.Debug|Any CPU.ActiveCfg = Debug|Any CPU
		{E3932F36-C901-4786-AD52-F17E471E6B4D}.Debug|Any CPU.Build.0 = Debug|Any CPU
		{E3932F36-C901-4786-AD52-F17E471E6B4D}.Release|Any CPU.ActiveCfg = Release|Any CPU
		{E3932F36-C901-4786-AD52-F17E471E6B4D}.Release|Any CPU.Build.0 = Release|Any CPU
		{B61AB8B4-E534-4AFB-B1E1-C69A4F96F19C}.Debug|Any CPU.ActiveCfg = Debug|Any CPU
		{B61AB8B4-E534-4AFB-B1E1-C69A4F96F19C}.Debug|Any CPU.Build.0 = Debug|Any CPU
		{B61AB8B4-E534-4AFB-B1E1-C69A4F96F19C}.Release|Any CPU.ActiveCfg = Release|Any CPU
		{B61AB8B4-E534-4AFB-B1E1-C69A4F96F19C}.Release|Any CPU.Build.0 = Release|Any CPU
	EndGlobalSection
	GlobalSection(SolutionProperties) = preSolution
		HideSolutionNode = FALSE
	EndGlobalSection
	GlobalSection(ExtensibilityGlobals) = postSolution
		SolutionGuid = {F668C26D-0A66-46AA-8C10-CA9EF1694673}
	EndGlobalSection
EndGlobal
